
Microsoft Visual Studio Solution File, Format Version 12.00
# Visual Studio Version 17
VisualStudioVersion = 17.9.34723.18
MinimumVisualStudioVersion = 10.0.40219.1
Project("{FAE04EC0-301F-11D3-BF4B-00C04F79EFBC}") = "FacadeService", "FacadeService\FacadeService.csproj", "{3CE4E5E0-F48D-4A86-A48B-A801095BC1E1}"
EndProject
Project("{FAE04EC0-301F-11D3-BF4B-00C04F79EFBC}") = "LoggingService", "LoggingService\LoggingService.csproj", "{6544FBDC-3DF6-4810-9DD4-2C5A8751C637}"
EndProject
Project("{FAE04EC0-301F-11D3-BF4B-00C04F79EFBC}") = "MessagesService", "MessagesService\MessagesService.csproj", "{486A6ECD-A433-46F5-868C-4D210F93265D}"
EndProject
Global
	GlobalSection(SolutionConfigurationPlatforms) = preSolution
		Debug|Any CPU = Debug|Any CPU
		Release|Any CPU = Release|Any CPU
	EndGlobalSection
	GlobalSection(ProjectConfigurationPlatforms) = postSolution
		{3CE4E5E0-F48D-4A86-A48B-A801095BC1E1}.Debug|Any CPU.ActiveCfg = Debug|Any CPU
		{3CE4E5E0-F48D-4A86-A48B-A801095BC1E1}.Debug|Any CPU.Build.0 = Debug|Any CPU
		{3CE4E5E0-F48D-4A86-A48B-A801095BC1E1}.Release|Any CPU.ActiveCfg = Release|Any CPU
		{3CE4E5E0-F48D-4A86-A48B-A801095BC1E1}.Release|Any CPU.Build.0 = Release|Any CPU
		{6544FBDC-3DF6-4810-9DD4-2C5A8751C637}.Debug|Any CPU.ActiveCfg = Debug|Any CPU
		{6544FBDC-3DF6-4810-9DD4-2C5A8751C637}.Debug|Any CPU.Build.0 = Debug|Any CPU
		{6544FBDC-3DF6-4810-9DD4-2C5A8751C637}.Release|Any CPU.ActiveCfg = Release|Any CPU
		{6544FBDC-3DF6-4810-9DD4-2C5A8751C637}.Release|Any CPU.Build.0 = Release|Any CPU
		{486A6ECD-A433-46F5-868C-4D210F93265D}.Debug|Any CPU.ActiveCfg = Debug|Any CPU
		{486A6ECD-A433-46F5-868C-4D210F93265D}.Debug|Any CPU.Build.0 = Debug|Any CPU
		{486A6ECD-A433-46F5-868C-4D210F93265D}.Release|Any CPU.ActiveCfg = Release|Any CPU
		{486A6ECD-A433-46F5-868C-4D210F93265D}.Release|Any CPU.Build.0 = Release|Any CPU
	EndGlobalSection
	GlobalSection(SolutionProperties) = preSolution
		HideSolutionNode = FALSE
	EndGlobalSection
	GlobalSection(ExtensibilityGlobals) = postSolution
		SolutionGuid = {7EF1C927-C420-4023-986A-3DC61132DFBF}
	EndGlobalSection
EndGlobal
